{
  "version": 4,
  "terraform_version": "1.7.3",
  "serial": 35,
  "lineage": "cf8b4acb-106d-73ba-efb6-9830b1305286",
  "outputs": {},
  "resources": [
    {
      "module": "module.blob",
      "mode": "managed",
      "type": "azurerm_storage_account",
      "name": "storage_account",
      "provider": "provider[\"registry.terraform.io/hashicorp/azurerm\"]",
      "instances": [
        {
          "schema_version": 2,
          "attributes": {
            "access_tier": "Hot",
            "account_kind": "StorageV2",
            "account_replication_type": "LRS",
            "account_tier": "Standard",
            "allow_blob_public_access": false,
            "azure_files_authentication": [],
            "blob_properties": [
              {
                "change_feed_enabled": false,
                "container_delete_retention_policy": [],
                "cors_rule": [],
                "default_service_version": "",
                "delete_retention_policy": [],
                "last_access_time_enabled": false,
                "versioning_enabled": false
              }
            ],
            "custom_domain": [],
            "customer_managed_key": [],
            "enable_https_traffic_only": true,
            "id": "/subscriptions/664b6097-19f2-42a3-be95-a4a6b4069f6b/resourceGroups/sa1_test_eic_TejalDave/providers/Microsoft.Storage/storageAccounts/roshnitest11",
            "identity": [],
            "infrastructure_encryption_enabled": false,
            "is_hns_enabled": false,
            "large_file_share_enabled": null,
            "location": "southeastasia",
            "min_tls_version": "TLS1_0",
            "name": "roshnitest11",
            "network_rules": [
              {
                "bypass": [
                  "AzureServices"
                ],
                "default_action": "Allow",
                "ip_rules": [],
                "private_link_access": [],
                "virtual_network_subnet_ids": []
              }
            ],
            "nfsv3_enabled": false,
            "primary_access_key": "akFd8tT82ngyTGHmr30kKxkP0F5pN7xiLAPW7WUBi/V2HVMFNEXG2Kjd8BjTPu6O9TTA1xyUcvpf+ASteWY6Bw==",
            "primary_blob_connection_string": "DefaultEndpointsProtocol=https;BlobEndpoint=https://roshnitest11.blob.core.windows.net/;AccountName=roshnitest11;AccountKey=akFd8tT82ngyTGHmr30kKxkP0F5pN7xiLAPW7WUBi/V2HVMFNEXG2Kjd8BjTPu6O9TTA1xyUcvpf+ASteWY6Bw==",
            "primary_blob_endpoint": "https://roshnitest11.blob.core.windows.net/",
            "primary_blob_host": "roshnitest11.blob.core.windows.net",
            "primary_connection_string": "DefaultEndpointsProtocol=https;AccountName=roshnitest11;AccountKey=akFd8tT82ngyTGHmr30kKxkP0F5pN7xiLAPW7WUBi/V2HVMFNEXG2Kjd8BjTPu6O9TTA1xyUcvpf+ASteWY6Bw==;EndpointSuffix=core.windows.net",
            "primary_dfs_endpoint": "https://roshnitest11.dfs.core.windows.net/",
            "primary_dfs_host": "roshnitest11.dfs.core.windows.net",
            "primary_file_endpoint": "https://roshnitest11.file.core.windows.net/",
            "primary_file_host": "roshnitest11.file.core.windows.net",
            "primary_location": "southeastasia",
            "primary_queue_endpoint": "https://roshnitest11.queue.core.windows.net/",
            "primary_queue_host": "roshnitest11.queue.core.windows.net",
            "primary_table_endpoint": "https://roshnitest11.table.core.windows.net/",
            "primary_table_host": "roshnitest11.table.core.windows.net",
            "primary_web_endpoint": "https://roshnitest11.z23.web.core.windows.net/",
            "primary_web_host": "roshnitest11.z23.web.core.windows.net",
            "queue_encryption_key_type": "Service",
            "queue_properties": [
              {
                "cors_rule": [],
                "hour_metrics": [
                  {
                    "enabled": true,
                    "include_apis": true,
                    "retention_policy_days": 7,
                    "version": "1.0"
                  }
                ],
                "logging": [
                  {
                    "delete": false,
                    "read": false,
                    "retention_policy_days": 0,
                    "version": "1.0",
                    "write": false
                  }
                ],
                "minute_metrics": [
                  {
                    "enabled": false,
                    "include_apis": false,
                    "retention_policy_days": 0,
                    "version": "1.0"
                  }
                ]
              }
            ],
            "resource_group_name": "sa1_test_eic_TejalDave",
            "routing": [],
            "secondary_access_key": "52iRsgTT+40hXejXOWNvb0pc7uaE5Jfiw+eJKxgbg3YoH1NXff4b6StUQ4YIS5G68DwF798m9tu8+AStXmgswQ==",
            "secondary_blob_connection_string": "",
            "secondary_blob_endpoint": null,
            "secondary_blob_host": null,
            "secondary_connection_string": "DefaultEndpointsProtocol=https;AccountName=roshnitest11;AccountKey=52iRsgTT+40hXejXOWNvb0pc7uaE5Jfiw+eJKxgbg3YoH1NXff4b6StUQ4YIS5G68DwF798m9tu8+AStXmgswQ==;EndpointSuffix=core.windows.net",
            "secondary_dfs_endpoint": null,
            "secondary_dfs_host": null,
            "secondary_file_endpoint": null,
            "secondary_file_host": null,
            "secondary_location": "",
            "secondary_queue_endpoint": null,
            "secondary_queue_host": null,
            "secondary_table_endpoint": null,
            "secondary_table_host": null,
            "secondary_web_endpoint": null,
            "secondary_web_host": null,
            "share_properties": [
              {
                "cors_rule": [],
                "retention_policy": [
                  {
                    "days": 7
                  }
                ],
                "smb": []
              }
            ],
            "shared_access_key_enabled": true,
            "static_website": [],
            "table_encryption_key_type": "Service",
            "tags": null,
            "timeouts": null
          },
          "sensitive_attributes": [],
          "private": "eyJlMmJmYjczMC1lY2FhLTExZTYtOGY4OC0zNDM2M2JjN2M0YzAiOnsiY3JlYXRlIjozNjAwMDAwMDAwMDAwLCJkZWxldGUiOjM2MDAwMDAwMDAwMDAsInJlYWQiOjMwMDAwMDAwMDAwMCwidXBkYXRlIjozNjAwMDAwMDAwMDAwfSwic2NoZW1hX3ZlcnNpb24iOiIyIn0="
        }
      ]
    },
    {
      "module": "module.blob",
      "mode": "managed",
      "type": "azurerm_storage_blob",
      "name": "roshni-blob",
      "provider": "provider[\"registry.terraform.io/hashicorp/azurerm\"]",
      "instances": [
        {
          "schema_version": 1,
          "attributes": {
            "access_tier": "Hot",
            "cache_control": "",
            "content_md5": "",
            "content_type": "application/octet-stream",
            "id": "https://roshnitest11.blob.core.windows.net/roshni-container/file2.txt",
            "metadata": {},
            "name": "file2.txt",
            "parallelism": 8,
            "size": 0,
            "source": "./file2.txt",
            "source_content": null,
            "source_uri": null,
            "storage_account_name": "roshnitest11",
            "storage_container_name": "roshni-container",
            "timeouts": null,
            "type": "Block",
            "url": "https://roshnitest11.blob.core.windows.net/roshni-container/file2.txt"
          },
          "sensitive_attributes": [],
          "private": "eyJlMmJmYjczMC1lY2FhLTExZTYtOGY4OC0zNDM2M2JjN2M0YzAiOnsiY3JlYXRlIjoxODAwMDAwMDAwMDAwLCJkZWxldGUiOjE4MDAwMDAwMDAwMDAsInJlYWQiOjMwMDAwMDAwMDAwMCwidXBkYXRlIjoxODAwMDAwMDAwMDAwfSwic2NoZW1hX3ZlcnNpb24iOiIxIn0=",
          "dependencies": [
            "module.blob.azurerm_storage_account.storage_account",
            "module.blob.azurerm_storage_container.blob_container"
          ]
        }
      ]
    },
    {
      "module": "module.blob",
      "mode": "managed",
      "type": "azurerm_storage_container",
      "name": "blob_container",
      "provider": "provider[\"registry.terraform.io/hashicorp/azurerm\"]",
      "instances": [
        {
          "schema_version": 1,
          "attributes": {
            "container_access_type": "private",
            "has_immutability_policy": false,
            "has_legal_hold": false,
            "id": "https://roshnitest11.blob.core.windows.net/roshni-container",
            "metadata": {},
            "name": "roshni-container",
            "resource_manager_id": "/subscriptions/664b6097-19f2-42a3-be95-a4a6b4069f6b/resourceGroups/sa1_test_eic_TejalDave/providers/Microsoft.Storage/storageAccounts/roshnitest11/blobServices/default/containers/roshni-container",
            "storage_account_name": "roshnitest11",
            "timeouts": null
          },
          "sensitive_attributes": [],
          "private": "eyJlMmJmYjczMC1lY2FhLTExZTYtOGY4OC0zNDM2M2JjN2M0YzAiOnsiY3JlYXRlIjoxODAwMDAwMDAwMDAwLCJkZWxldGUiOjE4MDAwMDAwMDAwMDAsInJlYWQiOjMwMDAwMDAwMDAwMCwidXBkYXRlIjoxODAwMDAwMDAwMDAwfSwic2NoZW1hX3ZlcnNpb24iOiIxIn0=",
          "dependencies": [
            "module.blob.azurerm_storage_account.storage_account"
          ]
        }
      ]
    },
    {
      "module": "module.nsg",
      "mode": "managed",
      "type": "azurerm_network_security_group",
      "name": "nsg",
      "provider": "provider[\"registry.terraform.io/hashicorp/azurerm\"]",
      "instances": [
        {
          "schema_version": 0,
          "attributes": {
            "id": "/subscriptions/664b6097-19f2-42a3-be95-a4a6b4069f6b/resourceGroups/sa1_test_eic_TejalDave/providers/Microsoft.Network/networkSecurityGroups/nsg",
            "location": "southeastasia",
            "name": "nsg",
            "resource_group_name": "sa1_test_eic_TejalDave",
            "security_rule": [
              {
                "access": "Allow",
                "description": "",
                "destination_address_prefix": "*",
                "destination_address_prefixes": [],
                "destination_application_security_group_ids": [],
                "destination_port_range": "22",
                "destination_port_ranges": [],
                "direction": "Inbound",
                "name": "SSH",
                "priority": 100,
                "protocol": "TCP",
                "source_address_prefix": "*",
                "source_address_prefixes": [],
                "source_application_security_group_ids": [],
                "source_port_range": "*",
                "source_port_ranges": []
              },
              {
                "access": "Allow",
                "description": "",
                "destination_address_prefix": "*",
                "destination_address_prefixes": [],
                "destination_application_security_group_ids": [],
                "destination_port_range": "80",
                "destination_port_ranges": [],
                "direction": "Inbound",
                "name": "HTTP",
                "priority": 101,
                "protocol": "TCP",
                "source_address_prefix": "*",
                "source_address_prefixes": [],
                "source_application_security_group_ids": [],
                "source_port_range": "*",
                "source_port_ranges": []
              }
            ],
            "tags": null,
            "timeouts": null
          },
          "sensitive_attributes": [],
          "private": "eyJlMmJmYjczMC1lY2FhLTExZTYtOGY4OC0zNDM2M2JjN2M0YzAiOnsiY3JlYXRlIjoxODAwMDAwMDAwMDAwLCJkZWxldGUiOjE4MDAwMDAwMDAwMDAsInJlYWQiOjMwMDAwMDAwMDAwMCwidXBkYXRlIjoxODAwMDAwMDAwMDAwfX0="
        }
      ]
    },
    {
      "module": "module.vm",
      "mode": "managed",
      "type": "azurerm_linux_virtual_machine",
      "name": "vm",
      "provider": "provider[\"registry.terraform.io/hashicorp/azurerm\"]",
      "instances": [
        {
          "schema_version": 0,
          "attributes": {
            "additional_capabilities": [],
            "admin_password": "Complex@password",
            "admin_ssh_key": [],
            "admin_username": "roshni-ubuntu",
            "allow_extension_operations": true,
            "availability_set_id": "",
            "boot_diagnostics": [],
            "computer_name": "ubuntu-server",
            "custom_data": "IyEvYmluL2Jhc2gKZXhlYyA+ID4odGVlIC92YXIvbG9nL2N1c3RvbV9kYXRhLmxvZykgMj4mMQplY2hvICJFeGVjdXRpbmcgYXp1cmVfY2xpX2xvZ2luLnNoIgpwd2QKbHMgLWxhCgojIEluc3RhbGwgQXp1cmUgQ0xJCnN1ZG8gYXB0LWdldCB1cGRhdGUKc3VkbyBhcHQtZ2V0IGluc3RhbGwgLXkgYXp1cmUtY2xpCgojIExvZyBpbiB0byBBenVyZSAoeW91IG1pZ2h0IG5lZWQgdG8gZm9sbG93IHRoZSBpbnRlcmFjdGl2ZSBwcm9tcHQpCmF6IGxvZ2luCmF6IHN0b3JhZ2UgYmxvYiB1cGxvYWQgXAogICAgLS1hY2NvdW50LW5hbWUgPHN0b3JhZ2UtYWNjb3VudD4gXAogICAgLS1jb250YWluZXItbmFtZSA8Y29udGFpbmVyPiBcCiAgICAtLW5hbWUgZmlsZTEudHh0IFwKICAgIC0tZmlsZSBmaWxlMS50eHQgXAogICAgLS1hdXRoLW1vZGUgbG9naW4KCiMgVXBsb2FkIGZpbGUxLnR4dCB0byBCbG9iIFN0b3JhZ2UKI2F6IHN0b3JhZ2UgYmxvYiB1cGxvYWQgLS1hY2NvdW50LW5hbWUgcm9zaG5pdGVzdDExIC0tY29udGFpbmVyLW5hbWUgcm9zaG5pLWNvbnRhaW5lciAtLW5hbWUgcm9zaG5pLWJsb2IgLS10eXBlIGJsb2NrIC0tY29udGVudC10eXBlICd0ZXh0L3BsYWluJyAgLS10eXBlIGJsb2NrIC0tY29udGVudC10eXBlICd0ZXh0L3BsYWluJyAtLWNvbnRlbnQtZW5jb2RpbmcgJ2d6aXAnIC0tZmlsZSBmaWxlMS50eHQKCiMgVXBsb2FkIGZpbGUyLnR4dCB0byBCbG9iIFN0b3JhZ2UKIyBheiBzdG9yYWdlIGJsb2IgdXBsb2FkIC0tYWNjb3VudC1uYW1lIHJvc2huaXRlc3QxMS0tY29udGFpbmVyLW5hbWUgcm9zaG5pLWNvbnRhaW5lciAtLW5hbWUgZmlsZTIudHh0IC0tdHlwZSBibG9jayAtLWNvbnRlbnQtdHlwZSAidGV4dC9wbGFpbiIgLS1hY2NvdW50LWtleSA8c3RvcmFnZV9hY2NvdW50X2tleT4gLS10eXBlIGJsb2NrIC0tY29udGVudC10eXBlICJ0ZXh0L3BsYWluIiAtLWNvbnRlbnQtZW5jb2RpbmcgImd6aXAiIC0tZmlsZSAuL2ZpbGUvZmlsZTIudHh0Cg==",
            "dedicated_host_group_id": "",
            "dedicated_host_id": "",
            "disable_password_authentication": false,
            "encryption_at_host_enabled": false,
            "eviction_policy": "",
            "extensions_time_budget": "PT1H30M",
            "id": "/subscriptions/664b6097-19f2-42a3-be95-a4a6b4069f6b/resourceGroups/sa1_test_eic_TejalDave/providers/Microsoft.Compute/virtualMachines/ubuntu-server",
            "identity": [],
            "license_type": "",
            "location": "southeastasia",
            "max_bid_price": -1,
            "name": "ubuntu-server",
            "network_interface_ids": [
              "/subscriptions/664b6097-19f2-42a3-be95-a4a6b4069f6b/resourceGroups/sa1_test_eic_TejalDave/providers/Microsoft.Network/networkInterfaces/ubuntu-server-nic"
            ],
            "os_disk": [
              {
                "caching": "ReadWrite",
                "diff_disk_settings": [],
                "disk_encryption_set_id": "",
                "disk_size_gb": 30,
                "name": "ubuntu-server_OsDisk_1_f84d630f7e4b4610a07e9e8f91e8fbbf",
                "storage_account_type": "Standard_LRS",
                "write_accelerator_enabled": false
              }
            ],
            "patch_mode": "ImageDefault",
            "plan": [],
            "platform_fault_domain": -1,
            "priority": "Regular",
            "private_ip_address": "10.0.2.4",
            "private_ip_addresses": [
              "10.0.2.4"
            ],
            "provision_vm_agent": true,
            "proximity_placement_group_id": "",
            "public_ip_address": "20.212.8.192",
            "public_ip_addresses": [
              "20.212.8.192"
            ],
            "resource_group_name": "sa1_test_eic_TejalDave",
            "secret": [],
            "secure_boot_enabled": false,
            "size": "Standard_B1s",
            "source_image_id": "",
            "source_image_reference": [
              {
                "offer": "UbuntuServer",
                "publisher": "Canonical",
                "sku": "18.04-LTS",
                "version": "latest"
              }
            ],
            "tags": {
              "name": "resource-owner",
              "owner": "roshni-einfochips.com"
            },
            "timeouts": null,
            "user_data": "",
            "virtual_machine_id": "eade3275-f427-42c5-a989-75b134f7f017",
            "virtual_machine_scale_set_id": "",
            "vtpm_enabled": false,
            "zone": ""
          },
          "sensitive_attributes": [],
          "private": "eyJlMmJmYjczMC1lY2FhLTExZTYtOGY4OC0zNDM2M2JjN2M0YzAiOnsiY3JlYXRlIjoyNzAwMDAwMDAwMDAwLCJkZWxldGUiOjI3MDAwMDAwMDAwMDAsInJlYWQiOjMwMDAwMDAwMDAwMCwidXBkYXRlIjoyNzAwMDAwMDAwMDAwfX0=",
          "dependencies": [
            "module.vm.azurerm_network_interface.nic",
            "module.vm.azurerm_public_ip.public_ip",
            "module.vnet.azurerm_subnet.subnet",
            "module.vnet.azurerm_virtual_network.vnet"
          ]
        }
      ]
    },
    {
      "module": "module.vm",
      "mode": "managed",
      "type": "azurerm_network_interface",
      "name": "nic",
      "provider": "provider[\"registry.terraform.io/hashicorp/azurerm\"]",
      "instances": [
        {
          "schema_version": 0,
          "attributes": {
            "applied_dns_servers": [],
            "dns_servers": [],
            "enable_accelerated_networking": false,
            "enable_ip_forwarding": false,
            "id": "/subscriptions/664b6097-19f2-42a3-be95-a4a6b4069f6b/resourceGroups/sa1_test_eic_TejalDave/providers/Microsoft.Network/networkInterfaces/ubuntu-server-nic",
            "internal_dns_name_label": "",
            "internal_domain_name_suffix": "stxdb1wmwncejh4mk4qk0eprzf.ix.internal.cloudapp.net",
            "ip_configuration": [
              {
                "gateway_load_balancer_frontend_ip_configuration_id": "",
                "name": "ipconfig",
                "primary": true,
                "private_ip_address": "10.0.2.4",
                "private_ip_address_allocation": "Dynamic",
                "private_ip_address_version": "IPv4",
                "public_ip_address_id": "/subscriptions/664b6097-19f2-42a3-be95-a4a6b4069f6b/resourceGroups/sa1_test_eic_TejalDave/providers/Microsoft.Network/publicIPAddresses/ubuntu-server-ip",
                "subnet_id": "/subscriptions/664b6097-19f2-42a3-be95-a4a6b4069f6b/resourceGroups/sa1_test_eic_TejalDave/providers/Microsoft.Network/virtualNetworks/my-vnet/subnets/subnet"
              }
            ],
            "location": "southeastasia",
            "mac_address": "",
            "name": "ubuntu-server-nic",
            "private_ip_address": "10.0.2.4",
            "private_ip_addresses": [
              "10.0.2.4"
            ],
            "resource_group_name": "sa1_test_eic_TejalDave",
            "tags": null,
            "timeouts": null,
            "virtual_machine_id": ""
          },
          "sensitive_attributes": [],
          "private": "eyJlMmJmYjczMC1lY2FhLTExZTYtOGY4OC0zNDM2M2JjN2M0YzAiOnsiY3JlYXRlIjoxODAwMDAwMDAwMDAwLCJkZWxldGUiOjE4MDAwMDAwMDAwMDAsInJlYWQiOjMwMDAwMDAwMDAwMCwidXBkYXRlIjoxODAwMDAwMDAwMDAwfX0=",
          "dependencies": [
            "module.vm.azurerm_public_ip.public_ip",
            "module.vnet.azurerm_subnet.subnet",
            "module.vnet.azurerm_virtual_network.vnet"
          ]
        }
      ]
    },
    {
      "module": "module.vm",
      "mode": "managed",
      "type": "azurerm_public_ip",
      "name": "public_ip",
      "provider": "provider[\"registry.terraform.io/hashicorp/azurerm\"]",
      "instances": [
        {
          "schema_version": 0,
          "attributes": {
            "allocation_method": "Dynamic",
            "availability_zone": "No-Zone",
            "domain_name_label": null,
            "fqdn": null,
            "id": "/subscriptions/664b6097-19f2-42a3-be95-a4a6b4069f6b/resourceGroups/sa1_test_eic_TejalDave/providers/Microsoft.Network/publicIPAddresses/ubuntu-server-ip",
            "idle_timeout_in_minutes": 4,
            "ip_address": "",
            "ip_tags": null,
            "ip_version": "IPv4",
            "location": "southeastasia",
            "name": "ubuntu-server-ip",
            "public_ip_prefix_id": null,
            "resource_group_name": "sa1_test_eic_TejalDave",
            "reverse_fqdn": null,
            "sku": "Basic",
            "sku_tier": "Regional",
            "tags": null,
            "timeouts": null,
            "zones": []
          },
          "sensitive_attributes": [],
          "private": "eyJlMmJmYjczMC1lY2FhLTExZTYtOGY4OC0zNDM2M2JjN2M0YzAiOnsiY3JlYXRlIjoxODAwMDAwMDAwMDAwLCJkZWxldGUiOjE4MDAwMDAwMDAwMDAsInJlYWQiOjMwMDAwMDAwMDAwMCwidXBkYXRlIjoxODAwMDAwMDAwMDAwfX0="
        }
      ]
    },
    {
      "module": "module.vnet",
      "mode": "managed",
      "type": "azurerm_subnet",
      "name": "subnet",
      "provider": "provider[\"registry.terraform.io/hashicorp/azurerm\"]",
      "instances": [
        {
          "schema_version": 0,
          "attributes": {
            "address_prefix": "10.0.2.0/24",
            "address_prefixes": [
              "10.0.2.0/24"
            ],
            "delegation": [],
            "enforce_private_link_endpoint_network_policies": false,
            "enforce_private_link_service_network_policies": false,
            "id": "/subscriptions/664b6097-19f2-42a3-be95-a4a6b4069f6b/resourceGroups/sa1_test_eic_TejalDave/providers/Microsoft.Network/virtualNetworks/my-vnet/subnets/subnet",
            "name": "subnet",
            "resource_group_name": "sa1_test_eic_TejalDave",
            "service_endpoint_policy_ids": null,
            "service_endpoints": null,
            "timeouts": null,
            "virtual_network_name": "my-vnet"
          },
          "sensitive_attributes": [],
          "private": "eyJlMmJmYjczMC1lY2FhLTExZTYtOGY4OC0zNDM2M2JjN2M0YzAiOnsiY3JlYXRlIjoxODAwMDAwMDAwMDAwLCJkZWxldGUiOjE4MDAwMDAwMDAwMDAsInJlYWQiOjMwMDAwMDAwMDAwMCwidXBkYXRlIjoxODAwMDAwMDAwMDAwfX0=",
          "dependencies": [
            "module.vnet.azurerm_virtual_network.vnet"
          ]
        }
      ]
    },
    {
      "module": "module.vnet",
      "mode": "managed",
      "type": "azurerm_virtual_network",
      "name": "vnet",
      "provider": "provider[\"registry.terraform.io/hashicorp/azurerm\"]",
      "instances": [
        {
          "schema_version": 0,
          "attributes": {
            "address_space": [
              "10.0.0.0/16"
            ],
            "bgp_community": "",
            "ddos_protection_plan": [],
            "dns_servers": [],
            "flow_timeout_in_minutes": 0,
            "guid": "ee30ee94-b3cc-4444-9fcc-57a0ad11f1cd",
            "id": "/subscriptions/664b6097-19f2-42a3-be95-a4a6b4069f6b/resourceGroups/sa1_test_eic_TejalDave/providers/Microsoft.Network/virtualNetworks/my-vnet",
            "location": "southeastasia",
            "name": "my-vnet",
            "resource_group_name": "sa1_test_eic_TejalDave",
            "subnet": [],
            "tags": null,
            "timeouts": null,
            "vm_protection_enabled": false
          },
          "sensitive_attributes": [],
          "private": "eyJlMmJmYjczMC1lY2FhLTExZTYtOGY4OC0zNDM2M2JjN2M0YzAiOnsiY3JlYXRlIjoxODAwMDAwMDAwMDAwLCJkZWxldGUiOjE4MDAwMDAwMDAwMDAsInJlYWQiOjMwMDAwMDAwMDAwMCwidXBkYXRlIjoxODAwMDAwMDAwMDAwfX0="
        }
      ]
    }
  ],
  "check_results": null
}
